
Microsoft Visual Studio Solution File, Format Version 12.00
# Visual Studio Version 17
VisualStudioVersion = 17.9.34728.123
MinimumVisualStudioVersion = 10.0.40219.1
Project("{9A19103F-16F7-4668-BE54-9A1E7A4F7556}") = "watchdog", "watchdog\watchdog.csproj", "{3319764A-ED16-4B78-A2B3-F76D6FDD5ACF}"
EndProject
Project("{FAE04EC0-301F-11D3-BF4B-00C04F79EFBC}") = "clientSocket2", "clientSocket2\clientSocket2.csproj", "{694A22B0-0982-493E-8541-6C2179E6A88A}"
EndProject
Global
	GlobalSection(SolutionConfigurationPlatforms) = preSolution
		Debug|Any CPU = Debug|Any CPU
		Release|Any CPU = Release|Any CPU
	EndGlobalSection
	GlobalSection(ProjectConfigurationPlatforms) = postSolution
		{3319764A-ED16-4B78-A2B3-F76D6FDD5ACF}.Debug|Any CPU.ActiveCfg = Debug|Any CPU
		{3319764A-ED16-4B78-A2B3-F76D6FDD5ACF}.Debug|Any CPU.Build.0 = Debug|Any CPU
		{3319764A-ED16-4B78-A2B3-F76D6FDD5ACF}.Release|Any CPU.ActiveCfg = Release|Any CPU
		{3319764A-ED16-4B78-A2B3-F76D6FDD5ACF}.Release|Any CPU.Build.0 = Release|Any CPU
		{694A22B0-0982-493E-8541-6C2179E6A88A}.Debug|Any CPU.ActiveCfg = Debug|Any CPU
		{694A22B0-0982-493E-8541-6C2179E6A88A}.Debug|Any CPU.Build.0 = Debug|Any CPU
		{694A22B0-0982-493E-8541-6C2179E6A88A}.Release|Any CPU.ActiveCfg = Release|Any CPU
		{694A22B0-0982-493E-8541-6C2179E6A88A}.Release|Any CPU.Build.0 = Release|Any CPU
	EndGlobalSection
	GlobalSection(SolutionProperties) = preSolution
		HideSolutionNode = FALSE
	EndGlobalSection
	GlobalSection(ExtensibilityGlobals) = postSolution
		SolutionGuid = {72A7A995-0F42-43CD-9839-67785940DE7C}
	EndGlobalSection
EndGlobal
